
Microsoft Visual Studio Solution File, Format Version 12.00
# Visual Studio Version 16
VisualStudioVersion = 16.0.30428.66
MinimumVisualStudioVersion = 10.0.40219.1
Project("{9A19103F-16F7-4668-BE54-9A1E7A4F7556}") = "SalesOne.Common", "SalesOne.Common\SalesOne.Common.csproj", "{903EA082-BCF3-41B0-8424-18E32C035C7C}"
EndProject
Project("{FAE04EC0-301F-11D3-BF4B-00C04F79EFBC}") = "OneSales.Web", "OneSales.Web\OneSales.Web.csproj", "{2BDA6B08-EA04-4E46-9AE2-B8A8D1CCC71C}"
EndProject
Global
	GlobalSection(SolutionConfigurationPlatforms) = preSolution
		Debug|Any CPU = Debug|Any CPU
		Release|Any CPU = Release|Any CPU
	EndGlobalSection
	GlobalSection(ProjectConfigurationPlatforms) = postSolution
		{903EA082-BCF3-41B0-8424-18E32C035C7C}.Debug|Any CPU.ActiveCfg = Debug|Any CPU
		{903EA082-BCF3-41B0-8424-18E32C035C7C}.Debug|Any CPU.Build.0 = Debug|Any CPU
		{903EA082-BCF3-41B0-8424-18E32C035C7C}.Release|Any CPU.ActiveCfg = Release|Any CPU
		{903EA082-BCF3-41B0-8424-18E32C035C7C}.Release|Any CPU.Build.0 = Release|Any CPU
		{2BDA6B08-EA04-4E46-9AE2-B8A8D1CCC71C}.Debug|Any CPU.ActiveCfg = Debug|Any CPU
		{2BDA6B08-EA04-4E46-9AE2-B8A8D1CCC71C}.Debug|Any CPU.Build.0 = Debug|Any CPU
		{2BDA6B08-EA04-4E46-9AE2-B8A8D1CCC71C}.Release|Any CPU.ActiveCfg = Release|Any CPU
		{2BDA6B08-EA04-4E46-9AE2-B8A8D1CCC71C}.Release|Any CPU.Build.0 = Release|Any CPU
	EndGlobalSection
	GlobalSection(SolutionProperties) = preSolution
		HideSolutionNode = FALSE
	EndGlobalSection
	GlobalSection(ExtensibilityGlobals) = postSolution
		SolutionGuid = {4467ABBD-E829-49DE-8D85-B140457C06F5}
	EndGlobalSection
EndGlobal
